
Microsoft Visual Studio Solution File, Format Version 12.00
# Visual Studio Version 17
VisualStudioVersion = 17.14.36310.24 d17.14
MinimumVisualStudioVersion = 10.0.40219.1
Project("{FAE04EC0-301F-11D3-BF4B-00C04F79EFBC}") = "ItalyShopAPI", "ItalyShopAPI.csproj", "{6A8F5DEC-DB1B-4736-AD14-E39D07FA956A}"
EndProject
Global
	GlobalSection(SolutionConfigurationPlatforms) = preSolution
		Debug|Any CPU = Debug|Any CPU
		Release|Any CPU = Release|Any CPU
	EndGlobalSection
	GlobalSection(ProjectConfigurationPlatforms) = postSolution
		{6A8F5DEC-DB1B-4736-AD14-E39D07FA956A}.Debug|Any CPU.ActiveCfg = Debug|Any CPU
		{6A8F5DEC-DB1B-4736-AD14-E39D07FA956A}.Debug|Any CPU.Build.0 = Debug|Any CPU
		{6A8F5DEC-DB1B-4736-AD14-E39D07FA956A}.Release|Any CPU.ActiveCfg = Release|Any CPU
		{6A8F5DEC-DB1B-4736-AD14-E39D07FA956A}.Release|Any CPU.Build.0 = Release|Any CPU
	EndGlobalSection
	GlobalSection(SolutionProperties) = preSolution
		HideSolutionNode = FALSE
	EndGlobalSection
	GlobalSection(ExtensibilityGlobals) = postSolution
		SolutionGuid = {7220FEFF-E943-4784-B94A-324A42534D45}
	EndGlobalSection
EndGlobal
